{
  "name": "common",
  "version": "1.0.0",
  "lockfileVersion": 3,
  "requires": true,
  "packages": {
    "": {
      "name": "common",
      "version": "1.0.0",
      "license": "ISC",
      "dependencies": {
        "zod": "^3.25.7"
      }
    },
    "node_modules/zod": {
      "version": "3.25.7",
      "resolved": "https://registry.npmjs.org/zod/-/zod-3.25.7.tgz",
      "integrity": "sha512-YGdT1cVRmKkOg6Sq7vY7IkxdphySKnXhaUmFI4r4FcuFVNgpCb9tZfNwXbT6BPjD5oz0nubFsoo9pIqKrDcCvg==",
      "license": "MIT",
      "funding": {
        "url": "https://github.com/sponsors/colinhacks"
      }
    }
  }
}
